schema: '2.0'
stages:
  preprocess:
    cmd: uv run python src/*/data.py
    deps:
    - path: data/raw/bcw.csv
      hash: md5
      md5: b89bc72edee2b5574bf43f92b320b679
      size: 125206
    - path: src/
      hash: md5
    outs:
    - path: data/processed/
      hash: md5
      files:
      - relpath: feature_columns.json
        md5: a69c2a0e20a9f18198393f972acdcc30
        size: 545
        cloud:
          remote_storage:
            etag: 08dcd8deffba9f92031001
            version_id: '1769095686499420'
      - relpath: label_encoder.joblib
        md5: 08af598a13b001862e4834decd6e52a1
        size: 481
        cloud:
          remote_storage:
            etag: 08d9b3e6ffba9f92031001
            version_id: '1769095686625753'
      - relpath: scaler.joblib
        md5: 6fa6caf753e479bb6f27ed38f4845fe8
        size: 2631
        cloud:
          remote_storage:
            etag: 0884e0f0ffba9f92031001
            version_id: '1769095686795268'
      - relpath: test.pt
        md5: 3a96192614573c0730eb1f5fbbc9edb6
        size: 8390
        cloud:
          remote_storage:
            etag: 08c6a7e9ffba9f92031001
            version_id: '1769095686673350'
      - relpath: train.pt
        md5: 9fadca232053b6f0e0a486a6b2afd0cd
        size: 64780
        cloud:
          remote_storage:
            etag: 08e5d0eaffba9f92031001
            version_id: '1769095686695013'
  train:
    cmd: uv run python src/*/train.py
    deps:
    - path: data/processed/
      hash: md5
      files:
      - relpath: feature_columns.json
        md5: a69c2a0e20a9f18198393f972acdcc30
      - relpath: label_encoder.joblib
        md5: 08af598a13b001862e4834decd6e52a1
      - relpath: scaler.joblib
        md5: 6fa6caf753e479bb6f27ed38f4845fe8
      - relpath: test.pt
        md5: 3a96192614573c0730eb1f5fbbc9edb6
      - relpath: train.pt
        md5: 9fadca232053b6f0e0a486a6b2afd0cd
    - path: src/
      hash: md5
    outs:
    - path: models/best_model.pt
      hash: md5
      md5: 78ebc9b455a659b7df5be20df47efd5e
      size: 19174
      cloud:
        remote_storage:
          etag: 08d7a3d686f39c92031001
          version_id: '1769007654212055'
    - path: models/last_model.pt
      hash: md5
      md5: 8b1a2e70d128e81a881432430ff5b0c3
      size: 19174
      cloud:
        remote_storage:
          etag: 08faa6cc86f39c92031001
          version_id: '1769007654048634'
